{
    "_readme": [
        "This file locks the dependencies of your project to a known state",
        "Read more about it at https://getcomposer.org/doc/01-basic-usage.md#installing-dependencies",
        "This file is @generated automatically"
    ],
    "content-hash": "d4fa51182ef23a0499d40a360b90fb1a",
    "packages": [
        {
            "name": "ckeditor/ckeditor",
            "version": "dev-full/4.13.x",
            "source": {
                "type": "git",
                "url": "https://github.com/ckeditor/ckeditor4-releases.git",
                "reference": "ca793fa3217a61d24c0029e865f051ddf74fa368"
            },
            "dist": {
                "type": "zip",
                "url": "https://api.github.com/repos/ckeditor/ckeditor4-releases/zipball/ca793fa3217a61d24c0029e865f051ddf74fa368",
                "reference": "ca793fa3217a61d24c0029e865f051ddf74fa368",
                "shasum": ""
            },
            "type": "library",
            "notification-url": "https://packagist.org/downloads/",
            "license": [
                "GPL-2.0+",
                "LGPL-2.1+",
                "MPL-1.1+"
            ],
            "authors": [
                {
                    "name": "CKSource",
                    "homepage": "https://cksource.com"
                }
            ],
            "description": "JavaScript WYSIWYG web text editor.",
            "homepage": "https://ckeditor.com/ckeditor-4/",
            "keywords": [
                "CKEditor",
                "ckeditor4",
                "editor",
                "fckeditor",
                "html",
                "javascript",
                "richtext",
                "text",
                "wysiwyg"
            ],
            "support": {
                "forum": "https://stackoverflow.com/tags/ckeditor",
                "issues": "https://github.com/ckeditor/ckeditor4/issues",
                "source": "https://github.com/ckeditor/ckeditor4",
                "wiki": "https://ckeditor.com/docs/ckeditor4/latest/"
            },
            "time": "2019-12-09T13:20:05+00:00"
        }
    ],
    "packages-dev": [],
    "aliases": [],
    "minimum-stability": "stable",
    "stability-flags": {
        "ckeditor/ckeditor": 20
    },
    "prefer-stable": false,
    "prefer-lowest": false,
    "platform": [],
    "platform-dev": [],
    "plugin-api-version": "2.1.0"
}
